// !$*UTF8*$!
{
	archiveVersion = 1;
	classes = {
	};
	objectVersion = 56;
	objects = {

/* Begin PBXBuildFile section */
		EAEB397429433B88007FFBEB /* AppDelegate.swift in Sources */ = {isa = PBXBuildFile; fileRef = EAEB397329433B88007FFBEB /* AppDelegate.swift */; };
		EAEB397629433B88007FFBEB /* SceneDelegate.swift in Sources */ = {isa = PBXBuildFile; fileRef = EAEB397529433B88007FFBEB /* SceneDelegate.swift */; };
		EAEB397829433B88007FFBEB /* ViewController.swift in Sources */ = {isa = PBXBuildFile; fileRef = EAEB397729433B88007FFBEB /* ViewController.swift */; };
		EAEB397B29433B88007FFBEB /* Main.storyboard in Resources */ = {isa = PBXBuildFile; fileRef = EAEB397929433B88007FFBEB /* Main.storyboard */; };
		EAEB397E29433B88007FFBEB /* Reciplease.xcdatamodeld in Sources */ = {isa = PBXBuildFile; fileRef = EAEB397C29433B88007FFBEB /* Reciplease.xcdatamodeld */; };
		EAEB398029433B89007FFBEB /* Assets.xcassets in Resources */ = {isa = PBXBuildFile; fileRef = EAEB397F29433B89007FFBEB /* Assets.xcassets */; };
		EAEB398329433B89007FFBEB /* LaunchScreen.storyboard in Resources */ = {isa = PBXBuildFile; fileRef = EAEB398129433B89007FFBEB /* LaunchScreen.storyboard */; };
		EAEB398E29433B89007FFBEB /* RecipleaseTests.swift in Sources */ = {isa = PBXBuildFile; fileRef = EAEB398D29433B89007FFBEB /* RecipleaseTests.swift */; };
		EAEB399829433B89007FFBEB /* RecipleaseUITests.swift in Sources */ = {isa = PBXBuildFile; fileRef = EAEB399729433B89007FFBEB /* RecipleaseUITests.swift */; };
		EAEB399A29433B89007FFBEB /* RecipleaseUITestsLaunchTests.swift in Sources */ = {isa = PBXBuildFile; fileRef = EAEB399929433B89007FFBEB /* RecipleaseUITestsLaunchTests.swift */; };
/* End PBXBuildFile section */

/* Begin PBXContainerItemProxy section */
		EAEB398A29433B89007FFBEB /* PBXContainerItemProxy */ = {
			isa = PBXContainerItemProxy;
			containerPortal = EAEB396829433B88007FFBEB /* Project object */;
			proxyType = 1;
			remoteGlobalIDString = EAEB396F29433B88007FFBEB;
			remoteInfo = Reciplease;
		};
		EAEB399429433B89007FFBEB /* PBXContainerItemProxy */ = {
			isa = PBXContainerItemProxy;
			containerPortal = EAEB396829433B88007FFBEB /* Project object */;
			proxyType = 1;
			remoteGlobalIDString = EAEB396F29433B88007FFBEB;
			remoteInfo = Reciplease;
		};
/* End PBXContainerItemProxy section */

/* Begin PBXFileReference section */
		EAEB397029433B88007FFBEB /* Reciplease.app */ = {isa = PBXFileReference; explicitFileType = wrapper.application; includeInIndex = 0; path = Reciplease.app; sourceTree = BUILT_PRODUCTS_DIR; };
		EAEB397329433B88007FFBEB /* AppDelegate.swift */ = {isa = PBXFileReference; lastKnownFileType = sourcecode.swift; path = AppDelegate.swift; sourceTree = "<group>"; };
		EAEB397529433B88007FFBEB /* SceneDelegate.swift */ = {isa = PBXFileReference; lastKnownFileType = sourcecode.swift; path = SceneDelegate.swift; sourceTree = "<group>"; };
		EAEB397729433B88007FFBEB /* ViewController.swift */ = {isa = PBXFileReference; lastKnownFileType = sourcecode.swift; path = ViewController.swift; sourceTree = "<group>"; };
		EAEB397A29433B88007FFBEB /* Base */ = {isa = PBXFileReference; lastKnownFileType = file.storyboard; name = Base; path = Base.lproj/Main.storyboard; sourceTree = "<group>"; };
		EAEB397D29433B88007FFBEB /* Reciplease.xcdatamodel */ = {isa = PBXFileReference; lastKnownFileType = wrapper.xcdatamodel; path = Reciplease.xcdatamodel; sourceTree = "<group>"; };
		EAEB397F29433B89007FFBEB /* Assets.xcassets */ = {isa = PBXFileReference; lastKnownFileType = folder.assetcatalog; path = Assets.xcassets; sourceTree = "<group>"; };
		EAEB398229433B89007FFBEB /* Base */ = {isa = PBXFileReference; lastKnownFileType = file.storyboard; name = Base; path = Base.lproj/LaunchScreen.storyboard; sourceTree = "<group>"; };
		EAEB398429433B89007FFBEB /* Info.plist */ = {isa = PBXFileReference; lastKnownFileType = text.plist.xml; path = Info.plist; sourceTree = "<group>"; };
		EAEB398929433B89007FFBEB /* RecipleaseTests.xctest */ = {isa = PBXFileReference; explicitFileType = wrapper.cfbundle; includeInIndex = 0; path = RecipleaseTests.xctest; sourceTree = BUILT_PRODUCTS_DIR; };
		EAEB398D29433B89007FFBEB /* RecipleaseTests.swift */ = {isa = PBXFileReference; lastKnownFileType = sourcecode.swift; path = RecipleaseTests.swift; sourceTree = "<group>"; };
		EAEB399329433B89007FFBEB /* RecipleaseUITests.xctest */ = {isa = PBXFileReference; explicitFileType = wrapper.cfbundle; includeInIndex = 0; path = RecipleaseUITests.xctest; sourceTree = BUILT_PRODUCTS_DIR; };
		EAEB399729433B89007FFBEB /* RecipleaseUITests.swift */ = {isa = PBXFileReference; lastKnownFileType = sourcecode.swift; path = RecipleaseUITests.swift; sourceTree = "<group>"; };
		EAEB399929433B89007FFBEB /* RecipleaseUITestsLaunchTests.swift */ = {isa = PBXFileReference; lastKnownFileType = sourcecode.swift; path = RecipleaseUITestsLaunchTests.swift; sourceTree = "<group>"; };
/* End PBXFileReference section */

/* Begin PBXFrameworksBuildPhase section */
		EAEB396D29433B88007FFBEB /* Frameworks */ = {
			isa = PBXFrameworksBuildPhase;
			buildActionMask = 2147483647;
			files = (
			);
			runOnlyForDeploymentPostprocessing = 0;
		};
		EAEB398629433B89007FFBEB /* Frameworks */ = {
			isa = PBXFrameworksBuildPhase;
			buildActionMask = 2147483647;
			files = (
			);
			runOnlyForDeploymentPostprocessing = 0;
		};
		EAEB399029433B89007FFBEB /* Frameworks */ = {
			isa = PBXFrameworksBuildPhase;
			buildActionMask = 2147483647;
			files = (
			);
			runOnlyForDeploymentPostprocessing = 0;
		};
/* End PBXFrameworksBuildPhase section */

/* Begin PBXGroup section */
		EAEB396729433B88007FFBEB = {
			isa = PBXGroup;
			children = (
				EAEB397229433B88007FFBEB /* Reciplease */,
				EAEB398C29433B89007FFBEB /* RecipleaseTests */,
				EAEB399629433B89007FFBEB /* RecipleaseUITests */,
				EAEB397129433B88007FFBEB /* Products */,
			);
			sourceTree = "<group>";
		};
		EAEB397129433B88007FFBEB /* Products */ = {
			isa = PBXGroup;
			children = (
				EAEB397029433B88007FFBEB /* Reciplease.app */,
				EAEB398929433B89007FFBEB /* RecipleaseTests.xctest */,
				EAEB399329433B89007FFBEB /* RecipleaseUITests.xctest */,
			);
			name = Products;
			sourceTree = "<group>";
		};
		EAEB397229433B88007FFBEB /* Reciplease */ = {
			isa = PBXGroup;
			children = (
				EAEB39AB29433E95007FFBEB /* SupportFiles */,
				EAEB39A829433BFC007FFBEB /* Views */,
				EAEB39A729433BE9007FFBEB /* Controllers */,
				EAEB39A629433BDF007FFBEB /* Models */,
				EAEB397929433B88007FFBEB /* Main.storyboard */,
				EAEB398429433B89007FFBEB /* Info.plist */,
			);
			path = Reciplease;
			sourceTree = "<group>";
		};
		EAEB398C29433B89007FFBEB /* RecipleaseTests */ = {
			isa = PBXGroup;
			children = (
				EAEB398D29433B89007FFBEB /* RecipleaseTests.swift */,
			);
			path = RecipleaseTests;
			sourceTree = "<group>";
		};
		EAEB399629433B89007FFBEB /* RecipleaseUITests */ = {
			isa = PBXGroup;
			children = (
				EAEB399729433B89007FFBEB /* RecipleaseUITests.swift */,
				EAEB399929433B89007FFBEB /* RecipleaseUITestsLaunchTests.swift */,
			);
			path = RecipleaseUITests;
			sourceTree = "<group>";
		};
		EAEB39A629433BDF007FFBEB /* Models */ = {
			isa = PBXGroup;
			children = (
				EAEB39A929433C40007FFBEB /* CoreData */,
			);
			path = Models;
			sourceTree = "<group>";
		};
		EAEB39A729433BE9007FFBEB /* Controllers */ = {
			isa = PBXGroup;
			children = (
				EAEB397729433B88007FFBEB /* ViewController.swift */,
				EAEB39AA29433CEE007FFBEB /* Extensions */,
			);
			path = Controllers;
			sourceTree = "<group>";
		};
		EAEB39A829433BFC007FFBEB /* Views */ = {
			isa = PBXGroup;
			children = (
			);
			path = Views;
			sourceTree = "<group>";
		};
		EAEB39A929433C40007FFBEB /* CoreData */ = {
			isa = PBXGroup;
			children = (
				EAEB397C29433B88007FFBEB /* Reciplease.xcdatamodeld */,
			);
			path = CoreData;
			sourceTree = "<group>";
		};
		EAEB39AA29433CEE007FFBEB /* Extensions */ = {
			isa = PBXGroup;
			children = (
			);
			path = Extensions;
			sourceTree = "<group>";
		};
		EAEB39AB29433E95007FFBEB /* SupportFiles */ = {
			isa = PBXGroup;
			children = (
				EAEB397329433B88007FFBEB /* AppDelegate.swift */,
				EAEB397529433B88007FFBEB /* SceneDelegate.swift */,
				EAEB397F29433B89007FFBEB /* Assets.xcassets */,
				EAEB398129433B89007FFBEB /* LaunchScreen.storyboard */,
			);
			path = SupportFiles;
			sourceTree = "<group>";
		};
/* End PBXGroup section */

/* Begin PBXNativeTarget section */
		EAEB396F29433B88007FFBEB /* Reciplease */ = {
			isa = PBXNativeTarget;
			buildConfigurationList = EAEB399D29433B89007FFBEB /* Build configuration list for PBXNativeTarget "Reciplease" */;
			buildPhases = (
				EAEB396C29433B88007FFBEB /* Sources */,
				EAEB396D29433B88007FFBEB /* Frameworks */,
				EAEB396E29433B88007FFBEB /* Resources */,
			);
			buildRules = (
			);
			dependencies = (
			);
			name = Reciplease;
			productName = Reciplease;
			productReference = EAEB397029433B88007FFBEB /* Reciplease.app */;
			productType = "com.apple.product-type.application";
		};
		EAEB398829433B89007FFBEB /* RecipleaseTests */ = {
			isa = PBXNativeTarget;
			buildConfigurationList = EAEB39A029433B89007FFBEB /* Build configuration list for PBXNativeTarget "RecipleaseTests" */;
			buildPhases = (
				EAEB398529433B89007FFBEB /* Sources */,
				EAEB398629433B89007FFBEB /* Frameworks */,
				EAEB398729433B89007FFBEB /* Resources */,
			);
			buildRules = (
			);
			dependencies = (
				EAEB398B29433B89007FFBEB /* PBXTargetDependency */,
			);
			name = RecipleaseTests;
			productName = RecipleaseTests;
			productReference = EAEB398929433B89007FFBEB /* RecipleaseTests.xctest */;
			productType = "com.apple.product-type.bundle.unit-test";
		};
		EAEB399229433B89007FFBEB /* RecipleaseUITests */ = {
			isa = PBXNativeTarget;
			buildConfigurationList = EAEB39A329433B89007FFBEB /* Build configuration list for PBXNativeTarget "RecipleaseUITests" */;
			buildPhases = (
				EAEB398F29433B89007FFBEB /* Sources */,
				EAEB399029433B89007FFBEB /* Frameworks */,
				EAEB399129433B89007FFBEB /* Resources */,
			);
			buildRules = (
			);
			dependencies = (
				EAEB399529433B89007FFBEB /* PBXTargetDependency */,
			);
			name = RecipleaseUITests;
			productName = RecipleaseUITests;
			productReference = EAEB399329433B89007FFBEB /* RecipleaseUITests.xctest */;
			productType = "com.apple.product-type.bundle.ui-testing";
		};
/* End PBXNativeTarget section */

/* Begin PBXProject section */
		EAEB396829433B88007FFBEB /* Project object */ = {
			isa = PBXProject;
			attributes = {
				BuildIndependentTargetsInParallel = 1;
				LastSwiftUpdateCheck = 1410;
				LastUpgradeCheck = 1410;
				TargetAttributes = {
					EAEB396F29433B88007FFBEB = {
						CreatedOnToolsVersion = 14.1;
					};
					EAEB398829433B89007FFBEB = {
						CreatedOnToolsVersion = 14.1;
						TestTargetID = EAEB396F29433B88007FFBEB;
					};
					EAEB399229433B89007FFBEB = {
						CreatedOnToolsVersion = 14.1;
						TestTargetID = EAEB396F29433B88007FFBEB;
					};
				};
			};
			buildConfigurationList = EAEB396B29433B88007FFBEB /* Build configuration list for PBXProject "Reciplease" */;
			compatibilityVersion = "Xcode 14.0";
			developmentRegion = en;
			hasScannedForEncodings = 0;
			knownRegions = (
				en,
				Base,
			);
			mainGroup = EAEB396729433B88007FFBEB;
			productRefGroup = EAEB397129433B88007FFBEB /* Products */;
			projectDirPath = "";
			projectRoot = "";
			targets = (
				EAEB396F29433B88007FFBEB /* Reciplease */,
				EAEB398829433B89007FFBEB /* RecipleaseTests */,
				EAEB399229433B89007FFBEB /* RecipleaseUITests */,
			);
		};
/* End PBXProject section */

/* Begin PBXResourcesBuildPhase section */
		EAEB396E29433B88007FFBEB /* Resources */ = {
			isa = PBXResourcesBuildPhase;
			buildActionMask = 2147483647;
			files = (
				EAEB398329433B89007FFBEB /* LaunchScreen.storyboard in Resources */,
				EAEB398029433B89007FFBEB /* Assets.xcassets in Resources */,
				EAEB397B29433B88007FFBEB /* Main.storyboard in Resources */,
			);
			runOnlyForDeploymentPostprocessing = 0;
		};
		EAEB398729433B89007FFBEB /* Resources */ = {
			isa = PBXResourcesBuildPhase;
			buildActionMask = 2147483647;
			files = (
			);
			runOnlyForDeploymentPostprocessing = 0;
		};
		EAEB399129433B89007FFBEB /* Resources */ = {
			isa = PBXResourcesBuildPhase;
			buildActionMask = 2147483647;
			files = (
			);
			runOnlyForDeploymentPostprocessing = 0;
		};
/* End PBXResourcesBuildPhase section */

/* Begin PBXSourcesBuildPhase section */
		EAEB396C29433B88007FFBEB /* Sources */ = {
			isa = PBXSourcesBuildPhase;
			buildActionMask = 2147483647;
			files = (
				EAEB397E29433B88007FFBEB /* Reciplease.xcdatamodeld in Sources */,
				EAEB397829433B88007FFBEB /* ViewController.swift in Sources */,
				EAEB397429433B88007FFBEB /* AppDelegate.swift in Sources */,
				EAEB397629433B88007FFBEB /* SceneDelegate.swift in Sources */,
			);
			runOnlyForDeploymentPostprocessing = 0;
		};
		EAEB398529433B89007FFBEB /* Sources */ = {
			isa = PBXSourcesBuildPhase;
			buildActionMask = 2147483647;
			files = (
				EAEB398E29433B89007FFBEB /* RecipleaseTests.swift in Sources */,
			);
			runOnlyForDeploymentPostprocessing = 0;
		};
		EAEB398F29433B89007FFBEB /* Sources */ = {
			isa = PBXSourcesBuildPhase;
			buildActionMask = 2147483647;
			files = (
				EAEB399829433B89007FFBEB /* RecipleaseUITests.swift in Sources */,
				EAEB399A29433B89007FFBEB /* RecipleaseUITestsLaunchTests.swift in Sources */,
			);
			runOnlyForDeploymentPostprocessing = 0;
		};
/* End PBXSourcesBuildPhase section */

/* Begin PBXTargetDependency section */
		EAEB398B29433B89007FFBEB /* PBXTargetDependency */ = {
			isa = PBXTargetDependency;
			target = EAEB396F29433B88007FFBEB /* Reciplease */;
			targetProxy = EAEB398A29433B89007FFBEB /* PBXContainerItemProxy */;
		};
		EAEB399529433B89007FFBEB /* PBXTargetDependency */ = {
			isa = PBXTargetDependency;
			target = EAEB396F29433B88007FFBEB /* Reciplease */;
			targetProxy = EAEB399429433B89007FFBEB /* PBXContainerItemProxy */;
		};
/* End PBXTargetDependency section */

/* Begin PBXVariantGroup section */
		EAEB397929433B88007FFBEB /* Main.storyboard */ = {
			isa = PBXVariantGroup;
			children = (
				EAEB397A29433B88007FFBEB /* Base */,
			);
			name = Main.storyboard;
			sourceTree = "<group>";
		};
		EAEB398129433B89007FFBEB /* LaunchScreen.storyboard */ = {
			isa = PBXVariantGroup;
			children = (
				EAEB398229433B89007FFBEB /* Base */,
			);
			name = LaunchScreen.storyboard;
			sourceTree = "<group>";
		};
/* End PBXVariantGroup section */

/* Begin XCBuildConfiguration section */
		EAEB399B29433B89007FFBEB /* Debug */ = {
			isa = XCBuildConfiguration;
			buildSettings = {
				ALWAYS_SEARCH_USER_PATHS = NO;
				CLANG_ANALYZER_NONNULL = YES;
				CLANG_ANALYZER_NUMBER_OBJECT_CONVERSION = YES_AGGRESSIVE;
				CLANG_CXX_LANGUAGE_STANDARD = "gnu++20";
				CLANG_ENABLE_MODULES = YES;
				CLANG_ENABLE_OBJC_ARC = YES;
				CLANG_ENABLE_OBJC_WEAK = YES;
				CLANG_WARN_BLOCK_CAPTURE_AUTORELEASING = YES;
				CLANG_WARN_BOOL_CONVERSION = YES;
				CLANG_WARN_COMMA = YES;
				CLANG_WARN_CONSTANT_CONVERSION = YES;
				CLANG_WARN_DEPRECATED_OBJC_IMPLEMENTATIONS = YES;
				CLANG_WARN_DIRECT_OBJC_ISA_USAGE = YES_ERROR;
				CLANG_WARN_DOCUMENTATION_COMMENTS = YES;
				CLANG_WARN_EMPTY_BODY = YES;
				CLANG_WARN_ENUM_CONVERSION = YES;
				CLANG_WARN_INFINITE_RECURSION = YES;
				CLANG_WARN_INT_CONVERSION = YES;
				CLANG_WARN_NON_LITERAL_NULL_CONVERSION = YES;
				CLANG_WARN_OBJC_IMPLICIT_RETAIN_SELF = YES;
				CLANG_WARN_OBJC_LITERAL_CONVERSION = YES;
				CLANG_WARN_OBJC_ROOT_CLASS = YES_ERROR;
				CLANG_WARN_QUOTED_INCLUDE_IN_FRAMEWORK_HEADER = YES;
				CLANG_WARN_RANGE_LOOP_ANALYSIS = YES;
				CLANG_WARN_STRICT_PROTOTYPES = YES;
				CLANG_WARN_SUSPICIOUS_MOVE = YES;
				CLANG_WARN_UNGUARDED_AVAILABILITY = YES_AGGRESSIVE;
				CLANG_WARN_UNREACHABLE_CODE = YES;
				CLANG_WARN__DUPLICATE_METHOD_MATCH = YES;
				COPY_PHASE_STRIP = NO;
				DEBUG_INFORMATION_FORMAT = dwarf;
				ENABLE_STRICT_OBJC_MSGSEND = YES;
				ENABLE_TESTABILITY = YES;
				GCC_C_LANGUAGE_STANDARD = gnu11;
				GCC_DYNAMIC_NO_PIC = NO;
				GCC_NO_COMMON_BLOCKS = YES;
				GCC_OPTIMIZATION_LEVEL = 0;
				GCC_PREPROCESSOR_DEFINITIONS = (
					"DEBUG=1",
					"$(inherited)",
				);
				GCC_WARN_64_TO_32_BIT_CONVERSION = YES;
				GCC_WARN_ABOUT_RETURN_TYPE = YES_ERROR;
				GCC_WARN_UNDECLARED_SELECTOR = YES;
				GCC_WARN_UNINITIALIZED_AUTOS = YES_AGGRESSIVE;
				GCC_WARN_UNUSED_FUNCTION = YES;
				GCC_WARN_UNUSED_VARIABLE = YES;
				IPHONEOS_DEPLOYMENT_TARGET = 16.1;
				MTL_ENABLE_DEBUG_INFO = INCLUDE_SOURCE;
				MTL_FAST_MATH = YES;
				ONLY_ACTIVE_ARCH = YES;
				SDKROOT = iphoneos;
				SWIFT_ACTIVE_COMPILATION_CONDITIONS = DEBUG;
				SWIFT_OPTIMIZATION_LEVEL = "-Onone";
			};
			name = Debug;
		};
		EAEB399C29433B89007FFBEB /* Release */ = {
			isa = XCBuildConfiguration;
			buildSettings = {
				ALWAYS_SEARCH_USER_PATHS = NO;
				CLANG_ANALYZER_NONNULL = YES;
				CLANG_ANALYZER_NUMBER_OBJECT_CONVERSION = YES_AGGRESSIVE;
				CLANG_CXX_LANGUAGE_STANDARD = "gnu++20";
				CLANG_ENABLE_MODULES = YES;
				CLANG_ENABLE_OBJC_ARC = YES;
				CLANG_ENABLE_OBJC_WEAK = YES;
				CLANG_WARN_BLOCK_CAPTURE_AUTORELEASING = YES;
				CLANG_WARN_BOOL_CONVERSION = YES;
				CLANG_WARN_COMMA = YES;
				CLANG_WARN_CONSTANT_CONVERSION = YES;
				CLANG_WARN_DEPRECATED_OBJC_IMPLEMENTATIONS = YES;
				CLANG_WARN_DIRECT_OBJC_ISA_USAGE = YES_ERROR;
				CLANG_WARN_DOCUMENTATION_COMMENTS = YES;
				CLANG_WARN_EMPTY_BODY = YES;
				CLANG_WARN_ENUM_CONVERSION = YES;
				CLANG_WARN_INFINITE_RECURSION = YES;
				CLANG_WARN_INT_CONVERSION = YES;
				CLANG_WARN_NON_LITERAL_NULL_CONVERSION = YES;
				CLANG_WARN_OBJC_IMPLICIT_RETAIN_SELF = YES;
				CLANG_WARN_OBJC_LITERAL_CONVERSION = YES;
				CLANG_WARN_OBJC_ROOT_CLASS = YES_ERROR;
				CLANG_WARN_QUOTED_INCLUDE_IN_FRAMEWORK_HEADER = YES;
				CLANG_WARN_RANGE_LOOP_ANALYSIS = YES;
				CLANG_WARN_STRICT_PROTOTYPES = YES;
				CLANG_WARN_SUSPICIOUS_MOVE = YES;
				CLANG_WARN_UNGUARDED_AVAILABILITY = YES_AGGRESSIVE;
				CLANG_WARN_UNREACHABLE_CODE = YES;
				CLANG_WARN__DUPLICATE_METHOD_MATCH = YES;
				COPY_PHASE_STRIP = NO;
				DEBUG_INFORMATION_FORMAT = "dwarf-with-dsym";
				ENABLE_NS_ASSERTIONS = NO;
				ENABLE_STRICT_OBJC_MSGSEND = YES;
				GCC_C_LANGUAGE_STANDARD = gnu11;
				GCC_NO_COMMON_BLOCKS = YES;
				GCC_WARN_64_TO_32_BIT_CONVERSION = YES;
				GCC_WARN_ABOUT_RETURN_TYPE = YES_ERROR;
				GCC_WARN_UNDECLARED_SELECTOR = YES;
				GCC_WARN_UNINITIALIZED_AUTOS = YES_AGGRESSIVE;
				GCC_WARN_UNUSED_FUNCTION = YES;
				GCC_WARN_UNUSED_VARIABLE = YES;
				IPHONEOS_DEPLOYMENT_TARGET = 16.1;
				MTL_ENABLE_DEBUG_INFO = NO;
				MTL_FAST_MATH = YES;
				SDKROOT = iphoneos;
				SWIFT_COMPILATION_MODE = wholemodule;
				SWIFT_OPTIMIZATION_LEVEL = "-O";
				VALIDATE_PRODUCT = YES;
			};
			name = Release;
		};
		EAEB399E29433B89007FFBEB /* Debug */ = {
			isa = XCBuildConfiguration;
			buildSettings = {
				ASSETCATALOG_COMPILER_APPICON_NAME = AppIcon;
				ASSETCATALOG_COMPILER_GLOBAL_ACCENT_COLOR_NAME = AccentColor;
				CODE_SIGN_STYLE = Automatic;
				CURRENT_PROJECT_VERSION = 1;
				DEVELOPMENT_TEAM = 6D2SZYH5QN;
				GENERATE_INFOPLIST_FILE = YES;
				INFOPLIST_FILE = Reciplease/Info.plist;
				INFOPLIST_KEY_UIApplicationSupportsIndirectInputEvents = YES;
				INFOPLIST_KEY_UILaunchStoryboardName = LaunchScreen;
				INFOPLIST_KEY_UIMainStoryboardFile = Main;
				INFOPLIST_KEY_UISupportedInterfaceOrientations_iPad = "UIInterfaceOrientationPortrait UIInterfaceOrientationPortraitUpsideDown UIInterfaceOrientationLandscapeLeft UIInterfaceOrientationLandscapeRight";
				INFOPLIST_KEY_UISupportedInterfaceOrientations_iPhone = "UIInterfaceOrientationPortrait UIInterfaceOrientationLandscapeLeft UIInterfaceOrientationLandscapeRight";
				LD_RUNPATH_SEARCH_PATHS = (
					"$(inherited)",
					"@executable_path/Frameworks",
				);
				MARKETING_VERSION = 1.0;
				PRODUCT_BUNDLE_IDENTIFIER = noje.Reciplease;
				PRODUCT_NAME = "$(TARGET_NAME)";
				SWIFT_EMIT_LOC_STRINGS = YES;
				SWIFT_VERSION = 5.0;
				TARGETED_DEVICE_FAMILY = "1,2";
			};
			name = Debug;
		};
		EAEB399F29433B89007FFBEB /* Release */ = {
			isa = XCBuildConfiguration;
			buildSettings = {
				ASSETCATALOG_COMPILER_APPICON_NAME = AppIcon;
				ASSETCATALOG_COMPILER_GLOBAL_ACCENT_COLOR_NAME = AccentColor;
				CODE_SIGN_STYLE = Automatic;
				CURRENT_PROJECT_VERSION = 1;
				DEVELOPMENT_TEAM = 6D2SZYH5QN;
				GENERATE_INFOPLIST_FILE = YES;
				INFOPLIST_FILE = Reciplease/Info.plist;
				INFOPLIST_KEY_UIApplicationSupportsIndirectInputEvents = YES;
				INFOPLIST_KEY_UILaunchStoryboardName = LaunchScreen;
				INFOPLIST_KEY_UIMainStoryboardFile = Main;
				INFOPLIST_KEY_UISupportedInterfaceOrientations_iPad = "UIInterfaceOrientationPortrait UIInterfaceOrientationPortraitUpsideDown UIInterfaceOrientationLandscapeLeft UIInterfaceOrientationLandscapeRight";
				INFOPLIST_KEY_UISupportedInterfaceOrientations_iPhone = "UIInterfaceOrientationPortrait UIInterfaceOrientationLandscapeLeft UIInterfaceOrientationLandscapeRight";
				LD_RUNPATH_SEARCH_PATHS = (
					"$(inherited)",
					"@executable_path/Frameworks",
				);
				MARKETING_VERSION = 1.0;
				PRODUCT_BUNDLE_IDENTIFIER = noje.Reciplease;
				PRODUCT_NAME = "$(TARGET_NAME)";
				SWIFT_EMIT_LOC_STRINGS = YES;
				SWIFT_VERSION = 5.0;
				TARGETED_DEVICE_FAMILY = "1,2";
			};
			name = Release;
		};
		EAEB39A129433B89007FFBEB /* Debug */ = {
			isa = XCBuildConfiguration;
			buildSettings = {
				ALWAYS_EMBED_SWIFT_STANDARD_LIBRARIES = YES;
				BUNDLE_LOADER = "$(TEST_HOST)";
				CODE_SIGN_STYLE = Automatic;
				CURRENT_PROJECT_VERSION = 1;
				DEVELOPMENT_TEAM = 6D2SZYH5QN;
				GENERATE_INFOPLIST_FILE = YES;
				IPHONEOS_DEPLOYMENT_TARGET = 16.1;
				MARKETING_VERSION = 1.0;
				PRODUCT_BUNDLE_IDENTIFIER = noje.RecipleaseTests;
				PRODUCT_NAME = "$(TARGET_NAME)";
				SWIFT_EMIT_LOC_STRINGS = NO;
				SWIFT_VERSION = 5.0;
				TARGETED_DEVICE_FAMILY = "1,2";
				TEST_HOST = "$(BUILT_PRODUCTS_DIR)/Reciplease.app/$(BUNDLE_EXECUTABLE_FOLDER_PATH)/Reciplease";
			};
			name = Debug;
		};
		EAEB39A229433B89007FFBEB /* Release */ = {
			isa = XCBuildConfiguration;
			buildSettings = {
				ALWAYS_EMBED_SWIFT_STANDARD_LIBRARIES = YES;
				BUNDLE_LOADER = "$(TEST_HOST)";
				CODE_SIGN_STYLE = Automatic;
				CURRENT_PROJECT_VERSION = 1;
				DEVELOPMENT_TEAM = 6D2SZYH5QN;
				GENERATE_INFOPLIST_FILE = YES;
				IPHONEOS_DEPLOYMENT_TARGET = 16.1;
				MARKETING_VERSION = 1.0;
				PRODUCT_BUNDLE_IDENTIFIER = noje.RecipleaseTests;
				PRODUCT_NAME = "$(TARGET_NAME)";
				SWIFT_EMIT_LOC_STRINGS = NO;
				SWIFT_VERSION = 5.0;
				TARGETED_DEVICE_FAMILY = "1,2";
				TEST_HOST = "$(BUILT_PRODUCTS_DIR)/Reciplease.app/$(BUNDLE_EXECUTABLE_FOLDER_PATH)/Reciplease";
			};
			name = Release;
		};
		EAEB39A429433B89007FFBEB /* Debug */ = {
			isa = XCBuildConfiguration;
			buildSettings = {
				ALWAYS_EMBED_SWIFT_STANDARD_LIBRARIES = YES;
				CODE_SIGN_STYLE = Automatic;
				CURRENT_PROJECT_VERSION = 1;
				DEVELOPMENT_TEAM = 6D2SZYH5QN;
				GENERATE_INFOPLIST_FILE = YES;
				MARKETING_VERSION = 1.0;
				PRODUCT_BUNDLE_IDENTIFIER = noje.RecipleaseUITests;
				PRODUCT_NAME = "$(TARGET_NAME)";
				SWIFT_EMIT_LOC_STRINGS = NO;
				SWIFT_VERSION = 5.0;
				TARGETED_DEVICE_FAMILY = "1,2";
				TEST_TARGET_NAME = Reciplease;
			};
			name = Debug;
		};
		EAEB39A529433B89007FFBEB /* Release */ = {
			isa = XCBuildConfiguration;
			buildSettings = {
				ALWAYS_EMBED_SWIFT_STANDARD_LIBRARIES = YES;
				CODE_SIGN_STYLE = Automatic;
				CURRENT_PROJECT_VERSION = 1;
				DEVELOPMENT_TEAM = 6D2SZYH5QN;
				GENERATE_INFOPLIST_FILE = YES;
				MARKETING_VERSION = 1.0;
				PRODUCT_BUNDLE_IDENTIFIER = noje.RecipleaseUITests;
				PRODUCT_NAME = "$(TARGET_NAME)";
				SWIFT_EMIT_LOC_STRINGS = NO;
				SWIFT_VERSION = 5.0;
				TARGETED_DEVICE_FAMILY = "1,2";
				TEST_TARGET_NAME = Reciplease;
			};
			name = Release;
		};
/* End XCBuildConfiguration section */

/* Begin XCConfigurationList section */
		EAEB396B29433B88007FFBEB /* Build configuration list for PBXProject "Reciplease" */ = {
			isa = XCConfigurationList;
			buildConfigurations = (
				EAEB399B29433B89007FFBEB /* Debug */,
				EAEB399C29433B89007FFBEB /* Release */,
			);
			defaultConfigurationIsVisible = 0;
			defaultConfigurationName = Release;
		};
		EAEB399D29433B89007FFBEB /* Build configuration list for PBXNativeTarget "Reciplease" */ = {
			isa = XCConfigurationList;
			buildConfigurations = (
				EAEB399E29433B89007FFBEB /* Debug */,
				EAEB399F29433B89007FFBEB /* Release */,
			);
			defaultConfigurationIsVisible = 0;
			defaultConfigurationName = Release;
		};
		EAEB39A029433B89007FFBEB /* Build configuration list for PBXNativeTarget "RecipleaseTests" */ = {
			isa = XCConfigurationList;
			buildConfigurations = (
				EAEB39A129433B89007FFBEB /* Debug */,
				EAEB39A229433B89007FFBEB /* Release */,
			);
			defaultConfigurationIsVisible = 0;
			defaultConfigurationName = Release;
		};
		EAEB39A329433B89007FFBEB /* Build configuration list for PBXNativeTarget "RecipleaseUITests" */ = {
			isa = XCConfigurationList;
			buildConfigurations = (
				EAEB39A429433B89007FFBEB /* Debug */,
				EAEB39A529433B89007FFBEB /* Release */,
			);
			defaultConfigurationIsVisible = 0;
			defaultConfigurationName = Release;
		};
/* End XCConfigurationList section */

/* Begin XCVersionGroup section */
		EAEB397C29433B88007FFBEB /* Reciplease.xcdatamodeld */ = {
			isa = XCVersionGroup;
			children = (
				EAEB397D29433B88007FFBEB /* Reciplease.xcdatamodel */,
			);
			currentVersion = EAEB397D29433B88007FFBEB /* Reciplease.xcdatamodel */;
			path = Reciplease.xcdatamodeld;
			sourceTree = "<group>";
			versionGroupType = wrapper.xcdatamodel;
		};
/* End XCVersionGroup section */
	};
	rootObject = EAEB396829433B88007FFBEB /* Project object */;
}
